
Microsoft Visual Studio Solution File, Format Version 12.00
# Visual Studio Version 17
VisualStudioVersion = 17.0.31912.275
MinimumVisualStudioVersion = 10.0.40219.1
Project("{9A19103F-16F7-4668-BE54-9A1E7A4F7556}") = "WritingFunctions", "WritingFunctions\WritingFunctions.csproj", "{64813B86-0BCD-45D7-9567-386AB7BB53E1}"
EndProject
Project("{FAE04EC0-301F-11D3-BF4B-00C04F79EFBC}") = "Debugging", "Debugging\Debugging.csproj", "{ECCCBAD0-3C37-470A-9632-C51D43967E61}"
EndProject
Project("{FAE04EC0-301F-11D3-BF4B-00C04F79EFBC}") = "Instrumenting", "Instrumenting\Instrumenting.csproj", "{1E45124B-64CA-49B4-A06A-017BA1D40A76}"
EndProject
Global
	GlobalSection(SolutionConfigurationPlatforms) = preSolution
		Debug|Any CPU = Debug|Any CPU
		Release|Any CPU = Release|Any CPU
	EndGlobalSection
	GlobalSection(ProjectConfigurationPlatforms) = postSolution
		{64813B86-0BCD-45D7-9567-386AB7BB53E1}.Debug|Any CPU.ActiveCfg = Debug|Any CPU
		{64813B86-0BCD-45D7-9567-386AB7BB53E1}.Debug|Any CPU.Build.0 = Debug|Any CPU
		{64813B86-0BCD-45D7-9567-386AB7BB53E1}.Release|Any CPU.ActiveCfg = Release|Any CPU
		{64813B86-0BCD-45D7-9567-386AB7BB53E1}.Release|Any CPU.Build.0 = Release|Any CPU
		{ECCCBAD0-3C37-470A-9632-C51D43967E61}.Debug|Any CPU.ActiveCfg = Debug|Any CPU
		{ECCCBAD0-3C37-470A-9632-C51D43967E61}.Debug|Any CPU.Build.0 = Debug|Any CPU
		{ECCCBAD0-3C37-470A-9632-C51D43967E61}.Release|Any CPU.ActiveCfg = Release|Any CPU
		{ECCCBAD0-3C37-470A-9632-C51D43967E61}.Release|Any CPU.Build.0 = Release|Any CPU
		{1E45124B-64CA-49B4-A06A-017BA1D40A76}.Debug|Any CPU.ActiveCfg = Debug|Any CPU
		{1E45124B-64CA-49B4-A06A-017BA1D40A76}.Debug|Any CPU.Build.0 = Debug|Any CPU
		{1E45124B-64CA-49B4-A06A-017BA1D40A76}.Release|Any CPU.ActiveCfg = Release|Any CPU
		{1E45124B-64CA-49B4-A06A-017BA1D40A76}.Release|Any CPU.Build.0 = Release|Any CPU
	EndGlobalSection
	GlobalSection(SolutionProperties) = preSolution
		HideSolutionNode = FALSE
	EndGlobalSection
	GlobalSection(ExtensibilityGlobals) = postSolution
		SolutionGuid = {C2091B10-CA95-4452-A239-BD577287E3C3}
	EndGlobalSection
EndGlobal
